
Microsoft Visual Studio Solution File, Format Version 12.00
# Visual Studio Version 17
VisualStudioVersion = 17.8.34316.72
MinimumVisualStudioVersion = 10.0.40219.1
Project("{2150E333-8FDC-42A3-9474-1A3956D46DE8}") = "src", "src", "{C772ADB7-B971-4749-B8D5-D3D90988266B}"
EndProject
Project("{FAE04EC0-301F-11D3-BF4B-00C04F79EFBC}") = "AgroScan.WebAPI", "src\AgroScan.WebAPI\AgroScan.WebAPI.csproj", "{A2236185-5502-46CD-8650-02428E1EA572}"
EndProject
Project("{FAE04EC0-301F-11D3-BF4B-00C04F79EFBC}") = "AgroScan.Application", "src\AgroScan.Application\AgroScan.Application.csproj", "{FD6A3BA6-F996-4358-85B2-5E62064E0F0F}"
EndProject
Project("{FAE04EC0-301F-11D3-BF4B-00C04F79EFBC}") = "AgroScan.Core", "src\AgroScan.Core\AgroScan.Core.csproj", "{FC081AC6-D2D5-4854-BEBC-8809070D1C10}"
EndProject
Project("{FAE04EC0-301F-11D3-BF4B-00C04F79EFBC}") = "AgroScan.Infrastructure", "src\AgroScan.Infrastructure\AgroScan.Infrastructure.csproj", "{9B69A197-09F2-42D7-AE83-DF34122493DE}"
EndProject
Project("{2150E333-8FDC-42A3-9474-1A3956D46DE8}") = "tests", "tests", "{2790AD54-D689-46CB-B395-4CD2E9A2403A}"
EndProject
Project("{FAE04EC0-301F-11D3-BF4B-00C04F79EFBC}") = "AgroScan.UnitTests", "tests\AgroScan.UnitTests\AgroScan.UnitTests.csproj", "{FD3580B9-9743-44EA-8257-FDA273245710}"
EndProject
Project("{FAE04EC0-301F-11D3-BF4B-00C04F79EFBC}") = "AgroScan.IntegrationTests", "tests\AgroScan.IntegrationTests\AgroScan.IntegrationTests.csproj", "{86EBC56F-4C05-4D86-9B4E-34AE865A9563}"
EndProject
Global
	GlobalSection(SolutionConfigurationPlatforms) = preSolution
		Debug|Any CPU = Debug|Any CPU
		Release|Any CPU = Release|Any CPU
	EndGlobalSection
	GlobalSection(ProjectConfigurationPlatforms) = postSolution
		{A2236185-5502-46CD-8650-02428E1EA572}.Debug|Any CPU.ActiveCfg = Debug|Any CPU
		{A2236185-5502-46CD-8650-02428E1EA572}.Debug|Any CPU.Build.0 = Debug|Any CPU
		{A2236185-5502-46CD-8650-02428E1EA572}.Release|Any CPU.ActiveCfg = Release|Any CPU
		{A2236185-5502-46CD-8650-02428E1EA572}.Release|Any CPU.Build.0 = Release|Any CPU
		{FD6A3BA6-F996-4358-85B2-5E62064E0F0F}.Debug|Any CPU.ActiveCfg = Debug|Any CPU
		{FD6A3BA6-F996-4358-85B2-5E62064E0F0F}.Debug|Any CPU.Build.0 = Debug|Any CPU
		{FD6A3BA6-F996-4358-85B2-5E62064E0F0F}.Release|Any CPU.ActiveCfg = Release|Any CPU
		{FD6A3BA6-F996-4358-85B2-5E62064E0F0F}.Release|Any CPU.Build.0 = Release|Any CPU
		{FC081AC6-D2D5-4854-BEBC-8809070D1C10}.Debug|Any CPU.ActiveCfg = Debug|Any CPU
		{FC081AC6-D2D5-4854-BEBC-8809070D1C10}.Debug|Any CPU.Build.0 = Debug|Any CPU
		{FC081AC6-D2D5-4854-BEBC-8809070D1C10}.Release|Any CPU.ActiveCfg = Release|Any CPU
		{FC081AC6-D2D5-4854-BEBC-8809070D1C10}.Release|Any CPU.Build.0 = Release|Any CPU
		{9B69A197-09F2-42D7-AE83-DF34122493DE}.Debug|Any CPU.ActiveCfg = Debug|Any CPU
		{9B69A197-09F2-42D7-AE83-DF34122493DE}.Debug|Any CPU.Build.0 = Debug|Any CPU
		{9B69A197-09F2-42D7-AE83-DF34122493DE}.Release|Any CPU.ActiveCfg = Release|Any CPU
		{9B69A197-09F2-42D7-AE83-DF34122493DE}.Release|Any CPU.Build.0 = Release|Any CPU
		{FD3580B9-9743-44EA-8257-FDA273245710}.Debug|Any CPU.ActiveCfg = Debug|Any CPU
		{FD3580B9-9743-44EA-8257-FDA273245710}.Debug|Any CPU.Build.0 = Debug|Any CPU
		{FD3580B9-9743-44EA-8257-FDA273245710}.Release|Any CPU.ActiveCfg = Release|Any CPU
		{FD3580B9-9743-44EA-8257-FDA273245710}.Release|Any CPU.Build.0 = Release|Any CPU
		{86EBC56F-4C05-4D86-9B4E-34AE865A9563}.Debug|Any CPU.ActiveCfg = Debug|Any CPU
		{86EBC56F-4C05-4D86-9B4E-34AE865A9563}.Debug|Any CPU.Build.0 = Debug|Any CPU
		{86EBC56F-4C05-4D86-9B4E-34AE865A9563}.Release|Any CPU.ActiveCfg = Release|Any CPU
		{86EBC56F-4C05-4D86-9B4E-34AE865A9563}.Release|Any CPU.Build.0 = Release|Any CPU
	EndGlobalSection
	GlobalSection(SolutionProperties) = preSolution
		HideSolutionNode = FALSE
	EndGlobalSection
	GlobalSection(NestedProjects) = preSolution
		{A2236185-5502-46CD-8650-02428E1EA572} = {C772ADB7-B971-4749-B8D5-D3D90988266B}
		{FD6A3BA6-F996-4358-85B2-5E62064E0F0F} = {C772ADB7-B971-4749-B8D5-D3D90988266B}
		{FC081AC6-D2D5-4854-BEBC-8809070D1C10} = {C772ADB7-B971-4749-B8D5-D3D90988266B}
		{9B69A197-09F2-42D7-AE83-DF34122493DE} = {C772ADB7-B971-4749-B8D5-D3D90988266B}
		{FD3580B9-9743-44EA-8257-FDA273245710} = {2790AD54-D689-46CB-B395-4CD2E9A2403A}
		{86EBC56F-4C05-4D86-9B4E-34AE865A9563} = {2790AD54-D689-46CB-B395-4CD2E9A2403A}
	EndGlobalSection
	GlobalSection(ExtensibilityGlobals) = postSolution
		SolutionGuid = {9262A082-074B-43C5-A28D-2804CCF1D133}
	EndGlobalSection
EndGlobal
